// !$*UTF8*$!
{
	archiveVersion = 1;
	classes = {
	};
	objectVersion = 56;
	objects = {

/* Begin PBXBuildFile section */
		03182B742C91708C0043996E /* AnimalsTCAApp.swift in Sources */ = {isa = PBXBuildFile; fileRef = 03182B732C91708C0043996E /* AnimalsTCAApp.swift */; };
		03182B762C91708C0043996E /* ContentView.swift in Sources */ = {isa = PBXBuildFile; fileRef = 03182B752C91708C0043996E /* ContentView.swift */; };
		03182B782C91708E0043996E /* Assets.xcassets in Resources */ = {isa = PBXBuildFile; fileRef = 03182B772C91708E0043996E /* Assets.xcassets */; };
		03182B7C2C91708E0043996E /* Preview Assets.xcassets in Resources */ = {isa = PBXBuildFile; fileRef = 03182B7B2C91708E0043996E /* Preview Assets.xcassets */; };
		03182B842C9171A40043996E /* ComposableArchitecture in Frameworks */ = {isa = PBXBuildFile; productRef = 03182B832C9171A40043996E /* ComposableArchitecture */; };
		03182B872C9171C40043996E /* RealmSwift in Frameworks */ = {isa = PBXBuildFile; productRef = 03182B862C9171C40043996E /* RealmSwift */; };
		03182B8A2C9171D60043996E /* Kingfisher in Frameworks */ = {isa = PBXBuildFile; productRef = 03182B892C9171D60043996E /* Kingfisher */; };
		03182B8D2C9172680043996E /* AnimalEntity.swift in Sources */ = {isa = PBXBuildFile; fileRef = 03182B8C2C9172680043996E /* AnimalEntity.swift */; };
		03182B8F2C9172780043996E /* FactEntity.swift in Sources */ = {isa = PBXBuildFile; fileRef = 03182B8E2C9172780043996E /* FactEntity.swift */; };
		03182B942C9173060043996E /* AnimalAPIModel.swift in Sources */ = {isa = PBXBuildFile; fileRef = 03182B932C9173060043996E /* AnimalAPIModel.swift */; };
		03182B962C9173100043996E /* FactAPIModel.swift in Sources */ = {isa = PBXBuildFile; fileRef = 03182B952C9173100043996E /* FactAPIModel.swift */; };
		03182B992C91753E0043996E /* EntitySerialization.swift in Sources */ = {isa = PBXBuildFile; fileRef = 03182B982C91753E0043996E /* EntitySerialization.swift */; };
		03182B9B2C9175610043996E /* Collection+Extensions.swift in Sources */ = {isa = PBXBuildFile; fileRef = 03182B9A2C9175610043996E /* Collection+Extensions.swift */; };
		03182BA02C91765B0043996E /* AnimalCategoriesView.swift in Sources */ = {isa = PBXBuildFile; fileRef = 03182B9F2C91765B0043996E /* AnimalCategoriesView.swift */; };
		03182BA22C9176660043996E /* FactsView.swift in Sources */ = {isa = PBXBuildFile; fileRef = 03182BA12C9176660043996E /* FactsView.swift */; };
		03182BA42C9176B30043996E /* FactsStore.swift in Sources */ = {isa = PBXBuildFile; fileRef = 03182BA32C9176B30043996E /* FactsStore.swift */; };
		03182BA62C9176F60043996E /* AnimalCategoriesStore.swift in Sources */ = {isa = PBXBuildFile; fileRef = 03182BA52C9176F60043996E /* AnimalCategoriesStore.swift */; };
		03182BAD2C917E5B0043996E /* NetworkService.swift in Sources */ = {isa = PBXBuildFile; fileRef = 03182BAC2C917E5B0043996E /* NetworkService.swift */; };
		03182BAF2C917EEE0043996E /* ServerConstants.swift in Sources */ = {isa = PBXBuildFile; fileRef = 03182BAE2C917EEE0043996E /* ServerConstants.swift */; };
		03182BB22C917FE10043996E /* BaseRequestProtocol.swift in Sources */ = {isa = PBXBuildFile; fileRef = 03182BB12C917FE10043996E /* BaseRequestProtocol.swift */; };
		03182BB42C9180CF0043996E /* AnimalsRequest.swift in Sources */ = {isa = PBXBuildFile; fileRef = 03182BB32C9180CF0043996E /* AnimalsRequest.swift */; };
		03182BB72C9185140043996E /* AnimalCategoriesEnviroment.swift in Sources */ = {isa = PBXBuildFile; fileRef = 03182BB62C9185140043996E /* AnimalCategoriesEnviroment.swift */; };
		03182BBC2C918B9D0043996E /* Alamofire in Frameworks */ = {isa = PBXBuildFile; productRef = 03182BBB2C918B9D0043996E /* Alamofire */; };
		03182BBF2C9198C70043996E /* CategoryCellView.swift in Sources */ = {isa = PBXBuildFile; fileRef = 03182BBE2C9198C70043996E /* CategoryCellView.swift */; };
		03A193CD2C92076F001CE466 /* Text+Modifiers.swift in Sources */ = {isa = PBXBuildFile; fileRef = 03A193CC2C92076F001CE466 /* Text+Modifiers.swift */; };
		03A193D22C92C5BE001CE466 /* Button+Modifiers.swift in Sources */ = {isa = PBXBuildFile; fileRef = 03A193D12C92C5BE001CE466 /* Button+Modifiers.swift */; };
		03A193D92C93971F001CE466 /* String+Extensions.swift in Sources */ = {isa = PBXBuildFile; fileRef = 03A193D82C93971F001CE466 /* String+Extensions.swift */; };
/* End PBXBuildFile section */

/* Begin PBXFileReference section */
		03182B702C91708C0043996E /* AnimalsTCA.app */ = {isa = PBXFileReference; explicitFileType = wrapper.application; includeInIndex = 0; path = AnimalsTCA.app; sourceTree = BUILT_PRODUCTS_DIR; };
		03182B732C91708C0043996E /* AnimalsTCAApp.swift */ = {isa = PBXFileReference; lastKnownFileType = sourcecode.swift; path = AnimalsTCAApp.swift; sourceTree = "<group>"; };
		03182B752C91708C0043996E /* ContentView.swift */ = {isa = PBXFileReference; lastKnownFileType = sourcecode.swift; path = ContentView.swift; sourceTree = "<group>"; };
		03182B772C91708E0043996E /* Assets.xcassets */ = {isa = PBXFileReference; lastKnownFileType = folder.assetcatalog; path = Assets.xcassets; sourceTree = "<group>"; };
		03182B792C91708E0043996E /* AnimalsTCA.entitlements */ = {isa = PBXFileReference; lastKnownFileType = text.plist.entitlements; path = AnimalsTCA.entitlements; sourceTree = "<group>"; };
		03182B7B2C91708E0043996E /* Preview Assets.xcassets */ = {isa = PBXFileReference; lastKnownFileType = folder.assetcatalog; path = "Preview Assets.xcassets"; sourceTree = "<group>"; };
		03182B8C2C9172680043996E /* AnimalEntity.swift */ = {isa = PBXFileReference; lastKnownFileType = sourcecode.swift; path = AnimalEntity.swift; sourceTree = "<group>"; };
		03182B8E2C9172780043996E /* FactEntity.swift */ = {isa = PBXFileReference; lastKnownFileType = sourcecode.swift; path = FactEntity.swift; sourceTree = "<group>"; };
		03182B932C9173060043996E /* AnimalAPIModel.swift */ = {isa = PBXFileReference; lastKnownFileType = sourcecode.swift; path = AnimalAPIModel.swift; sourceTree = "<group>"; };
		03182B952C9173100043996E /* FactAPIModel.swift */ = {isa = PBXFileReference; lastKnownFileType = sourcecode.swift; path = FactAPIModel.swift; sourceTree = "<group>"; };
		03182B982C91753E0043996E /* EntitySerialization.swift */ = {isa = PBXFileReference; lastKnownFileType = sourcecode.swift; path = EntitySerialization.swift; sourceTree = "<group>"; };
		03182B9A2C9175610043996E /* Collection+Extensions.swift */ = {isa = PBXFileReference; lastKnownFileType = sourcecode.swift; path = "Collection+Extensions.swift"; sourceTree = "<group>"; };
		03182B9F2C91765B0043996E /* AnimalCategoriesView.swift */ = {isa = PBXFileReference; lastKnownFileType = sourcecode.swift; path = AnimalCategoriesView.swift; sourceTree = "<group>"; };
		03182BA12C9176660043996E /* FactsView.swift */ = {isa = PBXFileReference; lastKnownFileType = sourcecode.swift; path = FactsView.swift; sourceTree = "<group>"; };
		03182BA32C9176B30043996E /* FactsStore.swift */ = {isa = PBXFileReference; lastKnownFileType = sourcecode.swift; path = FactsStore.swift; sourceTree = "<group>"; };
		03182BA52C9176F60043996E /* AnimalCategoriesStore.swift */ = {isa = PBXFileReference; lastKnownFileType = sourcecode.swift; path = AnimalCategoriesStore.swift; sourceTree = "<group>"; };
		03182BAC2C917E5B0043996E /* NetworkService.swift */ = {isa = PBXFileReference; lastKnownFileType = sourcecode.swift; path = NetworkService.swift; sourceTree = "<group>"; };
		03182BAE2C917EEE0043996E /* ServerConstants.swift */ = {isa = PBXFileReference; lastKnownFileType = sourcecode.swift; path = ServerConstants.swift; sourceTree = "<group>"; };
		03182BB12C917FE10043996E /* BaseRequestProtocol.swift */ = {isa = PBXFileReference; lastKnownFileType = sourcecode.swift; path = BaseRequestProtocol.swift; sourceTree = "<group>"; };
		03182BB32C9180CF0043996E /* AnimalsRequest.swift */ = {isa = PBXFileReference; lastKnownFileType = sourcecode.swift; path = AnimalsRequest.swift; sourceTree = "<group>"; };
		03182BB62C9185140043996E /* AnimalCategoriesEnviroment.swift */ = {isa = PBXFileReference; lastKnownFileType = sourcecode.swift; path = AnimalCategoriesEnviroment.swift; sourceTree = "<group>"; };
		03182BBE2C9198C70043996E /* CategoryCellView.swift */ = {isa = PBXFileReference; lastKnownFileType = sourcecode.swift; path = CategoryCellView.swift; sourceTree = "<group>"; };
		03A193CC2C92076F001CE466 /* Text+Modifiers.swift */ = {isa = PBXFileReference; lastKnownFileType = sourcecode.swift; path = "Text+Modifiers.swift"; sourceTree = "<group>"; };
		03A193D12C92C5BE001CE466 /* Button+Modifiers.swift */ = {isa = PBXFileReference; lastKnownFileType = sourcecode.swift; path = "Button+Modifiers.swift"; sourceTree = "<group>"; };
		03A193D82C93971F001CE466 /* String+Extensions.swift */ = {isa = PBXFileReference; lastKnownFileType = sourcecode.swift; path = "String+Extensions.swift"; sourceTree = "<group>"; };
/* End PBXFileReference section */

/* Begin PBXFrameworksBuildPhase section */
		03182B6D2C91708C0043996E /* Frameworks */ = {
			isa = PBXFrameworksBuildPhase;
			buildActionMask = 2147483647;
			files = (
				03182B8A2C9171D60043996E /* Kingfisher in Frameworks */,
				03182BBC2C918B9D0043996E /* Alamofire in Frameworks */,
				03182B872C9171C40043996E /* RealmSwift in Frameworks */,
				03182B842C9171A40043996E /* ComposableArchitecture in Frameworks */,
			);
			runOnlyForDeploymentPostprocessing = 0;
		};
/* End PBXFrameworksBuildPhase section */

/* Begin PBXGroup section */
		03182B672C91708C0043996E = {
			isa = PBXGroup;
			children = (
				03182B722C91708C0043996E /* AnimalsTCA */,
				03182B712C91708C0043996E /* Products */,
			);
			sourceTree = "<group>";
		};
		03182B712C91708C0043996E /* Products */ = {
			isa = PBXGroup;
			children = (
				03182B702C91708C0043996E /* AnimalsTCA.app */,
			);
			name = Products;
			sourceTree = "<group>";
		};
		03182B722C91708C0043996E /* AnimalsTCA */ = {
			isa = PBXGroup;
			children = (
				03182B9C2C9176180043996E /* Modules */,
				03182B902C9172D90043996E /* Library */,
				03182B8B2C9172100043996E /* Entities */,
				03182B732C91708C0043996E /* AnimalsTCAApp.swift */,
				03182B752C91708C0043996E /* ContentView.swift */,
				03182B772C91708E0043996E /* Assets.xcassets */,
				03182B792C91708E0043996E /* AnimalsTCA.entitlements */,
				03182B7A2C91708E0043996E /* Preview Content */,
			);
			path = AnimalsTCA;
			sourceTree = "<group>";
		};
		03182B7A2C91708E0043996E /* Preview Content */ = {
			isa = PBXGroup;
			children = (
				03182B7B2C91708E0043996E /* Preview Assets.xcassets */,
			);
			path = "Preview Content";
			sourceTree = "<group>";
		};
		03182B8B2C9172100043996E /* Entities */ = {
			isa = PBXGroup;
			children = (
				03182B8C2C9172680043996E /* AnimalEntity.swift */,
				03182B8E2C9172780043996E /* FactEntity.swift */,
				03182B982C91753E0043996E /* EntitySerialization.swift */,
			);
			path = Entities;
			sourceTree = "<group>";
		};
		03182B902C9172D90043996E /* Library */ = {
			isa = PBXGroup;
			children = (
				03A193CB2C92073A001CE466 /* ViewModifiers */,
				03182B972C9173150043996E /* Extensions */,
				03182B912C9172E00043996E /* Network */,
			);
			path = Library;
			sourceTree = "<group>";
		};
		03182B912C9172E00043996E /* Network */ = {
			isa = PBXGroup;
			children = (
				03182BB02C917FD70043996E /* Requests */,
				03182B922C9172EC0043996E /* Entities(APIModel) */,
				03182BAC2C917E5B0043996E /* NetworkService.swift */,
				03182BAE2C917EEE0043996E /* ServerConstants.swift */,
			);
			path = Network;
			sourceTree = "<group>";
		};
		03182B922C9172EC0043996E /* Entities(APIModel) */ = {
			isa = PBXGroup;
			children = (
				03182B932C9173060043996E /* AnimalAPIModel.swift */,
				03182B952C9173100043996E /* FactAPIModel.swift */,
			);
			path = "Entities(APIModel)";
			sourceTree = "<group>";
		};
		03182B972C9173150043996E /* Extensions */ = {
			isa = PBXGroup;
			children = (
				03182B9A2C9175610043996E /* Collection+Extensions.swift */,
				03A193D82C93971F001CE466 /* String+Extensions.swift */,
			);
			path = Extensions;
			sourceTree = "<group>";
		};
		03182B9C2C9176180043996E /* Modules */ = {
			isa = PBXGroup;
			children = (
				03182B9E2C9176350043996E /* AnimalCategories */,
				03182B9D2C9176280043996E /* Facts */,
			);
			path = Modules;
			sourceTree = "<group>";
		};
		03182B9D2C9176280043996E /* Facts */ = {
			isa = PBXGroup;
			children = (
				03182BA12C9176660043996E /* FactsView.swift */,
				03182BA32C9176B30043996E /* FactsStore.swift */,
			);
			path = Facts;
			sourceTree = "<group>";
		};
		03182B9E2C9176350043996E /* AnimalCategories */ = {
			isa = PBXGroup;
			children = (
				03182BBD2C9198AB0043996E /* Views */,
				03182BB52C9184FB0043996E /* Store */,
				03182B9F2C91765B0043996E /* AnimalCategoriesView.swift */,
			);
			path = AnimalCategories;
			sourceTree = "<group>";
		};
		03182BB02C917FD70043996E /* Requests */ = {
			isa = PBXGroup;
			children = (
				03182BB12C917FE10043996E /* BaseRequestProtocol.swift */,
				03182BB32C9180CF0043996E /* AnimalsRequest.swift */,
			);
			path = Requests;
			sourceTree = "<group>";
		};
		03182BB52C9184FB0043996E /* Store */ = {
			isa = PBXGroup;
			children = (
				03182BA52C9176F60043996E /* AnimalCategoriesStore.swift */,
				03182BB62C9185140043996E /* AnimalCategoriesEnviroment.swift */,
			);
			path = Store;
			sourceTree = "<group>";
		};
		03182BBD2C9198AB0043996E /* Views */ = {
			isa = PBXGroup;
			children = (
				03182BBE2C9198C70043996E /* CategoryCellView.swift */,
			);
			path = Views;
			sourceTree = "<group>";
		};
		03A193CB2C92073A001CE466 /* ViewModifiers */ = {
			isa = PBXGroup;
			children = (
				03A193CC2C92076F001CE466 /* Text+Modifiers.swift */,
				03A193D12C92C5BE001CE466 /* Button+Modifiers.swift */,
			);
			path = ViewModifiers;
			sourceTree = "<group>";
		};
/* End PBXGroup section */

/* Begin PBXNativeTarget section */
		03182B6F2C91708C0043996E /* AnimalsTCA */ = {
			isa = PBXNativeTarget;
			buildConfigurationList = 03182B7F2C91708E0043996E /* Build configuration list for PBXNativeTarget "AnimalsTCA" */;
			buildPhases = (
				03182B6C2C91708C0043996E /* Sources */,
				03182B6D2C91708C0043996E /* Frameworks */,
				03182B6E2C91708C0043996E /* Resources */,
			);
			buildRules = (
			);
			dependencies = (
			);
			name = AnimalsTCA;
			packageProductDependencies = (
				03182B832C9171A40043996E /* ComposableArchitecture */,
				03182B862C9171C40043996E /* RealmSwift */,
				03182B892C9171D60043996E /* Kingfisher */,
				03182BBB2C918B9D0043996E /* Alamofire */,
			);
			productName = AnimalsTCA;
			productReference = 03182B702C91708C0043996E /* AnimalsTCA.app */;
			productType = "com.apple.product-type.application";
		};
/* End PBXNativeTarget section */

/* Begin PBXProject section */
		03182B682C91708C0043996E /* Project object */ = {
			isa = PBXProject;
			attributes = {
				BuildIndependentTargetsInParallel = 1;
				LastSwiftUpdateCheck = 1540;
				LastUpgradeCheck = 1540;
				TargetAttributes = {
					03182B6F2C91708C0043996E = {
						CreatedOnToolsVersion = 15.4;
					};
				};
			};
			buildConfigurationList = 03182B6B2C91708C0043996E /* Build configuration list for PBXProject "AnimalsTCA" */;
			compatibilityVersion = "Xcode 14.0";
			developmentRegion = en;
			hasScannedForEncodings = 0;
			knownRegions = (
				en,
				Base,
			);
			mainGroup = 03182B672C91708C0043996E;
			packageReferences = (
				03182B822C9171A40043996E /* XCRemoteSwiftPackageReference "swift-composable-architecture" */,
				03182B852C9171C40043996E /* XCRemoteSwiftPackageReference "realm-swift" */,
				03182B882C9171D60043996E /* XCRemoteSwiftPackageReference "Kingfisher" */,
				03182BBA2C918B9D0043996E /* XCRemoteSwiftPackageReference "Alamofire" */,
			);
			productRefGroup = 03182B712C91708C0043996E /* Products */;
			projectDirPath = "";
			projectRoot = "";
			targets = (
				03182B6F2C91708C0043996E /* AnimalsTCA */,
			);
		};
/* End PBXProject section */

/* Begin PBXResourcesBuildPhase section */
		03182B6E2C91708C0043996E /* Resources */ = {
			isa = PBXResourcesBuildPhase;
			buildActionMask = 2147483647;
			files = (
				03182B7C2C91708E0043996E /* Preview Assets.xcassets in Resources */,
				03182B782C91708E0043996E /* Assets.xcassets in Resources */,
			);
			runOnlyForDeploymentPostprocessing = 0;
		};
/* End PBXResourcesBuildPhase section */

/* Begin PBXSourcesBuildPhase section */
		03182B6C2C91708C0043996E /* Sources */ = {
			isa = PBXSourcesBuildPhase;
			buildActionMask = 2147483647;
			files = (
				03182BA22C9176660043996E /* FactsView.swift in Sources */,
				03182B992C91753E0043996E /* EntitySerialization.swift in Sources */,
				03182B962C9173100043996E /* FactAPIModel.swift in Sources */,
				03182BA62C9176F60043996E /* AnimalCategoriesStore.swift in Sources */,
				03182BBF2C9198C70043996E /* CategoryCellView.swift in Sources */,
				03182B942C9173060043996E /* AnimalAPIModel.swift in Sources */,
				03182BB22C917FE10043996E /* BaseRequestProtocol.swift in Sources */,
				03182BB72C9185140043996E /* AnimalCategoriesEnviroment.swift in Sources */,
				03182BA42C9176B30043996E /* FactsStore.swift in Sources */,
				03A193CD2C92076F001CE466 /* Text+Modifiers.swift in Sources */,
				03182BA02C91765B0043996E /* AnimalCategoriesView.swift in Sources */,
				03182B762C91708C0043996E /* ContentView.swift in Sources */,
				03182B8D2C9172680043996E /* AnimalEntity.swift in Sources */,
				03182B9B2C9175610043996E /* Collection+Extensions.swift in Sources */,
				03A193D22C92C5BE001CE466 /* Button+Modifiers.swift in Sources */,
				03182B8F2C9172780043996E /* FactEntity.swift in Sources */,
				03182BAD2C917E5B0043996E /* NetworkService.swift in Sources */,
				03182BB42C9180CF0043996E /* AnimalsRequest.swift in Sources */,
				03A193D92C93971F001CE466 /* String+Extensions.swift in Sources */,
				03182BAF2C917EEE0043996E /* ServerConstants.swift in Sources */,
				03182B742C91708C0043996E /* AnimalsTCAApp.swift in Sources */,
			);
			runOnlyForDeploymentPostprocessing = 0;
		};
/* End PBXSourcesBuildPhase section */

/* Begin XCBuildConfiguration section */
		03182B7D2C91708E0043996E /* Debug */ = {
			isa = XCBuildConfiguration;
			buildSettings = {
				ALWAYS_SEARCH_USER_PATHS = NO;
				ASSETCATALOG_COMPILER_GENERATE_SWIFT_ASSET_SYMBOL_EXTENSIONS = YES;
				CLANG_ANALYZER_NONNULL = YES;
				CLANG_ANALYZER_NUMBER_OBJECT_CONVERSION = YES_AGGRESSIVE;
				CLANG_CXX_LANGUAGE_STANDARD = "gnu++20";
				CLANG_ENABLE_MODULES = YES;
				CLANG_ENABLE_OBJC_ARC = YES;
				CLANG_ENABLE_OBJC_WEAK = YES;
				CLANG_WARN_BLOCK_CAPTURE_AUTORELEASING = YES;
				CLANG_WARN_BOOL_CONVERSION = YES;
				CLANG_WARN_COMMA = YES;
				CLANG_WARN_CONSTANT_CONVERSION = YES;
				CLANG_WARN_DEPRECATED_OBJC_IMPLEMENTATIONS = YES;
				CLANG_WARN_DIRECT_OBJC_ISA_USAGE = YES_ERROR;
				CLANG_WARN_DOCUMENTATION_COMMENTS = YES;
				CLANG_WARN_EMPTY_BODY = YES;
				CLANG_WARN_ENUM_CONVERSION = YES;
				CLANG_WARN_INFINITE_RECURSION = YES;
				CLANG_WARN_INT_CONVERSION = YES;
				CLANG_WARN_NON_LITERAL_NULL_CONVERSION = YES;
				CLANG_WARN_OBJC_IMPLICIT_RETAIN_SELF = YES;
				CLANG_WARN_OBJC_LITERAL_CONVERSION = YES;
				CLANG_WARN_OBJC_ROOT_CLASS = YES_ERROR;
				CLANG_WARN_QUOTED_INCLUDE_IN_FRAMEWORK_HEADER = YES;
				CLANG_WARN_RANGE_LOOP_ANALYSIS = YES;
				CLANG_WARN_STRICT_PROTOTYPES = YES;
				CLANG_WARN_SUSPICIOUS_MOVE = YES;
				CLANG_WARN_UNGUARDED_AVAILABILITY = YES_AGGRESSIVE;
				CLANG_WARN_UNREACHABLE_CODE = YES;
				CLANG_WARN__DUPLICATE_METHOD_MATCH = YES;
				COPY_PHASE_STRIP = NO;
				DEBUG_INFORMATION_FORMAT = dwarf;
				ENABLE_STRICT_OBJC_MSGSEND = YES;
				ENABLE_TESTABILITY = YES;
				ENABLE_USER_SCRIPT_SANDBOXING = YES;
				GCC_C_LANGUAGE_STANDARD = gnu17;
				GCC_DYNAMIC_NO_PIC = NO;
				GCC_NO_COMMON_BLOCKS = YES;
				GCC_OPTIMIZATION_LEVEL = 0;
				GCC_PREPROCESSOR_DEFINITIONS = (
					"DEBUG=1",
					"$(inherited)",
				);
				GCC_WARN_64_TO_32_BIT_CONVERSION = YES;
				GCC_WARN_ABOUT_RETURN_TYPE = YES_ERROR;
				GCC_WARN_UNDECLARED_SELECTOR = YES;
				GCC_WARN_UNINITIALIZED_AUTOS = YES_AGGRESSIVE;
				GCC_WARN_UNUSED_FUNCTION = YES;
				GCC_WARN_UNUSED_VARIABLE = YES;
				IPHONEOS_DEPLOYMENT_TARGET = 16.0;
				LOCALIZATION_PREFERS_STRING_CATALOGS = YES;
				MTL_ENABLE_DEBUG_INFO = INCLUDE_SOURCE;
				MTL_FAST_MATH = YES;
				ONLY_ACTIVE_ARCH = YES;
				SWIFT_ACTIVE_COMPILATION_CONDITIONS = "DEBUG $(inherited)";
				SWIFT_OPTIMIZATION_LEVEL = "-Onone";
			};
			name = Debug;
		};
		03182B7E2C91708E0043996E /* Release */ = {
			isa = XCBuildConfiguration;
			buildSettings = {
				ALWAYS_SEARCH_USER_PATHS = NO;
				ASSETCATALOG_COMPILER_GENERATE_SWIFT_ASSET_SYMBOL_EXTENSIONS = YES;
				CLANG_ANALYZER_NONNULL = YES;
				CLANG_ANALYZER_NUMBER_OBJECT_CONVERSION = YES_AGGRESSIVE;
				CLANG_CXX_LANGUAGE_STANDARD = "gnu++20";
				CLANG_ENABLE_MODULES = YES;
				CLANG_ENABLE_OBJC_ARC = YES;
				CLANG_ENABLE_OBJC_WEAK = YES;
				CLANG_WARN_BLOCK_CAPTURE_AUTORELEASING = YES;
				CLANG_WARN_BOOL_CONVERSION = YES;
				CLANG_WARN_COMMA = YES;
				CLANG_WARN_CONSTANT_CONVERSION = YES;
				CLANG_WARN_DEPRECATED_OBJC_IMPLEMENTATIONS = YES;
				CLANG_WARN_DIRECT_OBJC_ISA_USAGE = YES_ERROR;
				CLANG_WARN_DOCUMENTATION_COMMENTS = YES;
				CLANG_WARN_EMPTY_BODY = YES;
				CLANG_WARN_ENUM_CONVERSION = YES;
				CLANG_WARN_INFINITE_RECURSION = YES;
				CLANG_WARN_INT_CONVERSION = YES;
				CLANG_WARN_NON_LITERAL_NULL_CONVERSION = YES;
				CLANG_WARN_OBJC_IMPLICIT_RETAIN_SELF = YES;
				CLANG_WARN_OBJC_LITERAL_CONVERSION = YES;
				CLANG_WARN_OBJC_ROOT_CLASS = YES_ERROR;
				CLANG_WARN_QUOTED_INCLUDE_IN_FRAMEWORK_HEADER = YES;
				CLANG_WARN_RANGE_LOOP_ANALYSIS = YES;
				CLANG_WARN_STRICT_PROTOTYPES = YES;
				CLANG_WARN_SUSPICIOUS_MOVE = YES;
				CLANG_WARN_UNGUARDED_AVAILABILITY = YES_AGGRESSIVE;
				CLANG_WARN_UNREACHABLE_CODE = YES;
				CLANG_WARN__DUPLICATE_METHOD_MATCH = YES;
				COPY_PHASE_STRIP = NO;
				DEBUG_INFORMATION_FORMAT = "dwarf-with-dsym";
				ENABLE_NS_ASSERTIONS = NO;
				ENABLE_STRICT_OBJC_MSGSEND = YES;
				ENABLE_USER_SCRIPT_SANDBOXING = YES;
				GCC_C_LANGUAGE_STANDARD = gnu17;
				GCC_NO_COMMON_BLOCKS = YES;
				GCC_WARN_64_TO_32_BIT_CONVERSION = YES;
				GCC_WARN_ABOUT_RETURN_TYPE = YES_ERROR;
				GCC_WARN_UNDECLARED_SELECTOR = YES;
				GCC_WARN_UNINITIALIZED_AUTOS = YES_AGGRESSIVE;
				GCC_WARN_UNUSED_FUNCTION = YES;
				GCC_WARN_UNUSED_VARIABLE = YES;
				IPHONEOS_DEPLOYMENT_TARGET = 16.0;
				LOCALIZATION_PREFERS_STRING_CATALOGS = YES;
				MTL_ENABLE_DEBUG_INFO = NO;
				MTL_FAST_MATH = YES;
				SWIFT_COMPILATION_MODE = wholemodule;
			};
			name = Release;
		};
		03182B802C91708E0043996E /* Debug */ = {
			isa = XCBuildConfiguration;
			buildSettings = {
				ASSETCATALOG_COMPILER_APPICON_NAME = AppIcon;
				ASSETCATALOG_COMPILER_GLOBAL_ACCENT_COLOR_NAME = AccentColor;
				CODE_SIGN_ENTITLEMENTS = AnimalsTCA/AnimalsTCA.entitlements;
				CODE_SIGN_STYLE = Automatic;
				CURRENT_PROJECT_VERSION = 1;
				DEVELOPMENT_ASSET_PATHS = "\"AnimalsTCA/Preview Content\"";
				ENABLE_PREVIEWS = YES;
				GENERATE_INFOPLIST_FILE = YES;
				"INFOPLIST_KEY_UIApplicationSceneManifest_Generation[sdk=iphoneos*]" = YES;
				"INFOPLIST_KEY_UIApplicationSceneManifest_Generation[sdk=iphonesimulator*]" = YES;
				"INFOPLIST_KEY_UIApplicationSupportsIndirectInputEvents[sdk=iphoneos*]" = YES;
				"INFOPLIST_KEY_UIApplicationSupportsIndirectInputEvents[sdk=iphonesimulator*]" = YES;
				"INFOPLIST_KEY_UILaunchScreen_Generation[sdk=iphoneos*]" = YES;
				"INFOPLIST_KEY_UILaunchScreen_Generation[sdk=iphonesimulator*]" = YES;
				"INFOPLIST_KEY_UIStatusBarStyle[sdk=iphoneos*]" = UIStatusBarStyleDefault;
				"INFOPLIST_KEY_UIStatusBarStyle[sdk=iphonesimulator*]" = UIStatusBarStyleDefault;
				INFOPLIST_KEY_UISupportedInterfaceOrientations_iPad = "UIInterfaceOrientationPortrait UIInterfaceOrientationPortraitUpsideDown UIInterfaceOrientationLandscapeLeft UIInterfaceOrientationLandscapeRight";
				INFOPLIST_KEY_UISupportedInterfaceOrientations_iPhone = "UIInterfaceOrientationPortrait UIInterfaceOrientationLandscapeLeft UIInterfaceOrientationLandscapeRight";
				IPHONEOS_DEPLOYMENT_TARGET = 16.0;
				LD_RUNPATH_SEARCH_PATHS = "@executable_path/Frameworks";
				"LD_RUNPATH_SEARCH_PATHS[sdk=macosx*]" = "@executable_path/../Frameworks";
				MACOSX_DEPLOYMENT_TARGET = 14.5;
				MARKETING_VERSION = 1.0;
				PRODUCT_BUNDLE_IDENTIFIER = com.AnimalsTCA;
				PRODUCT_NAME = "$(TARGET_NAME)";
				SDKROOT = auto;
				SUPPORTED_PLATFORMS = "iphoneos iphonesimulator";
				SUPPORTS_MACCATALYST = NO;
				SWIFT_EMIT_LOC_STRINGS = YES;
				SWIFT_VERSION = 5.0;
				TARGETED_DEVICE_FAMILY = "1,2";
			};
			name = Debug;
		};
		03182B812C91708E0043996E /* Release */ = {
			isa = XCBuildConfiguration;
			buildSettings = {
				ASSETCATALOG_COMPILER_APPICON_NAME = AppIcon;
				ASSETCATALOG_COMPILER_GLOBAL_ACCENT_COLOR_NAME = AccentColor;
				CODE_SIGN_ENTITLEMENTS = AnimalsTCA/AnimalsTCA.entitlements;
				CODE_SIGN_STYLE = Automatic;
				CURRENT_PROJECT_VERSION = 1;
				DEVELOPMENT_ASSET_PATHS = "\"AnimalsTCA/Preview Content\"";
				ENABLE_PREVIEWS = YES;
				GENERATE_INFOPLIST_FILE = YES;
				"INFOPLIST_KEY_UIApplicationSceneManifest_Generation[sdk=iphoneos*]" = YES;
				"INFOPLIST_KEY_UIApplicationSceneManifest_Generation[sdk=iphonesimulator*]" = YES;
				"INFOPLIST_KEY_UIApplicationSupportsIndirectInputEvents[sdk=iphoneos*]" = YES;
				"INFOPLIST_KEY_UIApplicationSupportsIndirectInputEvents[sdk=iphonesimulator*]" = YES;
				"INFOPLIST_KEY_UILaunchScreen_Generation[sdk=iphoneos*]" = YES;
				"INFOPLIST_KEY_UILaunchScreen_Generation[sdk=iphonesimulator*]" = YES;
				"INFOPLIST_KEY_UIStatusBarStyle[sdk=iphoneos*]" = UIStatusBarStyleDefault;
				"INFOPLIST_KEY_UIStatusBarStyle[sdk=iphonesimulator*]" = UIStatusBarStyleDefault;
				INFOPLIST_KEY_UISupportedInterfaceOrientations_iPad = "UIInterfaceOrientationPortrait UIInterfaceOrientationPortraitUpsideDown UIInterfaceOrientationLandscapeLeft UIInterfaceOrientationLandscapeRight";
				INFOPLIST_KEY_UISupportedInterfaceOrientations_iPhone = "UIInterfaceOrientationPortrait UIInterfaceOrientationLandscapeLeft UIInterfaceOrientationLandscapeRight";
				IPHONEOS_DEPLOYMENT_TARGET = 16.0;
				LD_RUNPATH_SEARCH_PATHS = "@executable_path/Frameworks";
				"LD_RUNPATH_SEARCH_PATHS[sdk=macosx*]" = "@executable_path/../Frameworks";
				MACOSX_DEPLOYMENT_TARGET = 14.5;
				MARKETING_VERSION = 1.0;
				PRODUCT_BUNDLE_IDENTIFIER = com.AnimalsTCA;
				PRODUCT_NAME = "$(TARGET_NAME)";
				SDKROOT = auto;
				SUPPORTED_PLATFORMS = "iphoneos iphonesimulator";
				SUPPORTS_MACCATALYST = NO;
				SWIFT_EMIT_LOC_STRINGS = YES;
				SWIFT_VERSION = 5.0;
				TARGETED_DEVICE_FAMILY = "1,2";
			};
			name = Release;
		};
/* End XCBuildConfiguration section */

/* Begin XCConfigurationList section */
		03182B6B2C91708C0043996E /* Build configuration list for PBXProject "AnimalsTCA" */ = {
			isa = XCConfigurationList;
			buildConfigurations = (
				03182B7D2C91708E0043996E /* Debug */,
				03182B7E2C91708E0043996E /* Release */,
			);
			defaultConfigurationIsVisible = 0;
			defaultConfigurationName = Release;
		};
		03182B7F2C91708E0043996E /* Build configuration list for PBXNativeTarget "AnimalsTCA" */ = {
			isa = XCConfigurationList;
			buildConfigurations = (
				03182B802C91708E0043996E /* Debug */,
				03182B812C91708E0043996E /* Release */,
			);
			defaultConfigurationIsVisible = 0;
			defaultConfigurationName = Release;
		};
/* End XCConfigurationList section */

/* Begin XCRemoteSwiftPackageReference section */
		03182B822C9171A40043996E /* XCRemoteSwiftPackageReference "swift-composable-architecture" */ = {
			isa = XCRemoteSwiftPackageReference;
			repositoryURL = "https://github.com/pointfreeco/swift-composable-architecture";
			requirement = {
				kind = upToNextMajorVersion;
				minimumVersion = 1.14.0;
			};
		};
		03182B852C9171C40043996E /* XCRemoteSwiftPackageReference "realm-swift" */ = {
			isa = XCRemoteSwiftPackageReference;
			repositoryURL = "https://github.com/realm/realm-swift.git";
			requirement = {
				branch = master;
				kind = branch;
			};
		};
		03182B882C9171D60043996E /* XCRemoteSwiftPackageReference "Kingfisher" */ = {
			isa = XCRemoteSwiftPackageReference;
			repositoryURL = "https://github.com/onevcat/Kingfisher.git";
			requirement = {
				kind = upToNextMajorVersion;
				minimumVersion = 7.12.0;
			};
		};
		03182BBA2C918B9D0043996E /* XCRemoteSwiftPackageReference "Alamofire" */ = {
			isa = XCRemoteSwiftPackageReference;
			repositoryURL = "https://github.com/Alamofire/Alamofire.git";
			requirement = {
				kind = upToNextMajorVersion;
				minimumVersion = 5.9.1;
			};
		};
/* End XCRemoteSwiftPackageReference section */

/* Begin XCSwiftPackageProductDependency section */
		03182B832C9171A40043996E /* ComposableArchitecture */ = {
			isa = XCSwiftPackageProductDependency;
			package = 03182B822C9171A40043996E /* XCRemoteSwiftPackageReference "swift-composable-architecture" */;
			productName = ComposableArchitecture;
		};
		03182B862C9171C40043996E /* RealmSwift */ = {
			isa = XCSwiftPackageProductDependency;
			package = 03182B852C9171C40043996E /* XCRemoteSwiftPackageReference "realm-swift" */;
			productName = RealmSwift;
		};
		03182B892C9171D60043996E /* Kingfisher */ = {
			isa = XCSwiftPackageProductDependency;
			package = 03182B882C9171D60043996E /* XCRemoteSwiftPackageReference "Kingfisher" */;
			productName = Kingfisher;
		};
		03182BBB2C918B9D0043996E /* Alamofire */ = {
			isa = XCSwiftPackageProductDependency;
			package = 03182BBA2C918B9D0043996E /* XCRemoteSwiftPackageReference "Alamofire" */;
			productName = Alamofire;
		};
/* End XCSwiftPackageProductDependency section */
	};
	rootObject = 03182B682C91708C0043996E /* Project object */;
}
